
Microsoft Visual Studio Solution File, Format Version 12.00
# Visual Studio 15
VisualStudioVersion = 15.0.28307.106
MinimumVisualStudioVersion = 10.0.40219.1
Project("{FAE04EC0-301F-11D3-BF4B-00C04F79EFBC}") = "DntAppApi", "DntAppApi\DntAppApi.csproj", "{46C45B42-8CB7-4646-9B76-BF45DA32ADEA}"
EndProject
Project("{FAE04EC0-301F-11D3-BF4B-00C04F79EFBC}") = "DntAppApi.core", "DntAppApi.core\DntAppApi.core.csproj", "{610661ED-19A4-4DBB-8C6D-ECED3DEF524F}"
EndProject
Project("{FAE04EC0-301F-11D3-BF4B-00C04F79EFBC}") = "DntAppApi.Infrastructure", "DntAppApi.Infrastructure\DntAppApi.Infrastructure.csproj", "{A8D23968-7281-4F09-9923-B6C9D2B755CC}"
EndProject
Global
	GlobalSection(SolutionConfigurationPlatforms) = preSolution
		Debug|Any CPU = Debug|Any CPU
		Release|Any CPU = Release|Any CPU
	EndGlobalSection
	GlobalSection(ProjectConfigurationPlatforms) = postSolution
		{46C45B42-8CB7-4646-9B76-BF45DA32ADEA}.Debug|Any CPU.ActiveCfg = Debug|Any CPU
		{46C45B42-8CB7-4646-9B76-BF45DA32ADEA}.Debug|Any CPU.Build.0 = Debug|Any CPU
		{46C45B42-8CB7-4646-9B76-BF45DA32ADEA}.Release|Any CPU.ActiveCfg = Release|Any CPU
		{46C45B42-8CB7-4646-9B76-BF45DA32ADEA}.Release|Any CPU.Build.0 = Release|Any CPU
		{610661ED-19A4-4DBB-8C6D-ECED3DEF524F}.Debug|Any CPU.ActiveCfg = Debug|Any CPU
		{610661ED-19A4-4DBB-8C6D-ECED3DEF524F}.Debug|Any CPU.Build.0 = Debug|Any CPU
		{610661ED-19A4-4DBB-8C6D-ECED3DEF524F}.Release|Any CPU.ActiveCfg = Release|Any CPU
		{610661ED-19A4-4DBB-8C6D-ECED3DEF524F}.Release|Any CPU.Build.0 = Release|Any CPU
		{A8D23968-7281-4F09-9923-B6C9D2B755CC}.Debug|Any CPU.ActiveCfg = Debug|Any CPU
		{A8D23968-7281-4F09-9923-B6C9D2B755CC}.Debug|Any CPU.Build.0 = Debug|Any CPU
		{A8D23968-7281-4F09-9923-B6C9D2B755CC}.Release|Any CPU.ActiveCfg = Release|Any CPU
		{A8D23968-7281-4F09-9923-B6C9D2B755CC}.Release|Any CPU.Build.0 = Release|Any CPU
	EndGlobalSection
	GlobalSection(SolutionProperties) = preSolution
		HideSolutionNode = FALSE
	EndGlobalSection
	GlobalSection(ExtensibilityGlobals) = postSolution
		SolutionGuid = {4A2152C0-A700-4638-B244-71520A420327}
	EndGlobalSection
EndGlobal
